
Microsoft Visual Studio Solution File, Format Version 12.00
# Visual Studio Version 17
VisualStudioVersion = 17.9.34728.123
MinimumVisualStudioVersion = 10.0.40219.1
Project("{FAE04EC0-301F-11D3-BF4B-00C04F79EFBC}") = "Ejercicio1", "Ejercicio1\Ejercicio1.csproj", "{C999CCBB-CB18-4C1B-B6AF-3D44550E994B}"
EndProject
Global
	GlobalSection(SolutionConfigurationPlatforms) = preSolution
		Debug|Any CPU = Debug|Any CPU
		Release|Any CPU = Release|Any CPU
	EndGlobalSection
	GlobalSection(ProjectConfigurationPlatforms) = postSolution
		{C999CCBB-CB18-4C1B-B6AF-3D44550E994B}.Debug|Any CPU.ActiveCfg = Debug|Any CPU
		{C999CCBB-CB18-4C1B-B6AF-3D44550E994B}.Debug|Any CPU.Build.0 = Debug|Any CPU
		{C999CCBB-CB18-4C1B-B6AF-3D44550E994B}.Release|Any CPU.ActiveCfg = Release|Any CPU
		{C999CCBB-CB18-4C1B-B6AF-3D44550E994B}.Release|Any CPU.Build.0 = Release|Any CPU
	EndGlobalSection
	GlobalSection(SolutionProperties) = preSolution
		HideSolutionNode = FALSE
	EndGlobalSection
	GlobalSection(ExtensibilityGlobals) = postSolution
		SolutionGuid = {0A44AB94-E994-483C-8A59-1E735E22B968}
	EndGlobalSection
EndGlobal
