
Microsoft Visual Studio Solution File, Format Version 12.00
# Visual Studio Version 17
VisualStudioVersion = 17.9.34728.123
MinimumVisualStudioVersion = 10.0.40219.1
Project("{FAE04EC0-301F-11D3-BF4B-00C04F79EFBC}") = "Laboratorio5y6.cs", "Laboratorio5y6\Laboratorio5y6.cs.csproj", "{ED6F724F-332E-4EA7-8B54-C53C3CA15765}"
EndProject
Global
	GlobalSection(SolutionConfigurationPlatforms) = preSolution
		Debug|Any CPU = Debug|Any CPU
		Release|Any CPU = Release|Any CPU
	EndGlobalSection
	GlobalSection(ProjectConfigurationPlatforms) = postSolution
		{ED6F724F-332E-4EA7-8B54-C53C3CA15765}.Debug|Any CPU.ActiveCfg = Debug|Any CPU
		{ED6F724F-332E-4EA7-8B54-C53C3CA15765}.Debug|Any CPU.Build.0 = Debug|Any CPU
		{ED6F724F-332E-4EA7-8B54-C53C3CA15765}.Release|Any CPU.ActiveCfg = Release|Any CPU
		{ED6F724F-332E-4EA7-8B54-C53C3CA15765}.Release|Any CPU.Build.0 = Release|Any CPU
	EndGlobalSection
	GlobalSection(SolutionProperties) = preSolution
		HideSolutionNode = FALSE
	EndGlobalSection
	GlobalSection(ExtensibilityGlobals) = postSolution
		SolutionGuid = {C62CEF2D-A03E-469A-BE97-DA8CA23F1797}
	EndGlobalSection
EndGlobal
